# THIS IS AN AUTOGENERATED FILE. DO NOT EDIT THIS FILE DIRECTLY.
# yarn lockfile v1


emojiimages@1.2.1:
  version "1.2.1"
  resolved "https://registry.npmjs.org/emojiimages/-/emojiimages-1.2.1.tgz#820aea8f3d062a64ae12f24b16ac42003e15fb46"
  integrity sha512-eJZx/PSkSLcB87DFvlG1/61iL30ExnA2VCDWjV+41kpklZtmpRXO0gVzxrXWs1+4CQ2RIAsuDvB0RFANWWtjpQ==

emojilib@2.4.0:
  version "2.4.0"
  resolved "https://registry.npmjs.org/emojilib/-/emojilib-2.4.0.tgz#ac518a8bb0d5f76dda57289ccb2fdf9d39ae721e"
  integrity sha512-5U0rVMU5Y2n2+ykNLQqMoqklN9ICBT/KsvC1Gz6vqHbz2AXXGkG+Pm5rMWk/8Vjrr/mY9985Hi8DYzn1F09Nyw==
